
Microsoft Visual Studio Solution File, Format Version 12.00
# Visual Studio Version 17
VisualStudioVersion = 17.2.32616.157
MinimumVisualStudioVersion = 10.0.40219.1
Project("{FAE04EC0-301F-11D3-BF4B-00C04F79EFBC}") = "Validation types", "Validation types\Validation types.csproj", "{4FB2DDBB-F3B0-480B-B82F-871EA34AE6C1}"
EndProject
Global
	GlobalSection(SolutionConfigurationPlatforms) = preSolution
		Debug|Any CPU = Debug|Any CPU
		Release|Any CPU = Release|Any CPU
	EndGlobalSection
	GlobalSection(ProjectConfigurationPlatforms) = postSolution
		{4FB2DDBB-F3B0-480B-B82F-871EA34AE6C1}.Debug|Any CPU.ActiveCfg = Debug|Any CPU
		{4FB2DDBB-F3B0-480B-B82F-871EA34AE6C1}.Debug|Any CPU.Build.0 = Debug|Any CPU
		{4FB2DDBB-F3B0-480B-B82F-871EA34AE6C1}.Release|Any CPU.ActiveCfg = Release|Any CPU
		{4FB2DDBB-F3B0-480B-B82F-871EA34AE6C1}.Release|Any CPU.Build.0 = Release|Any CPU
	EndGlobalSection
	GlobalSection(SolutionProperties) = preSolution
		HideSolutionNode = FALSE
	EndGlobalSection
	GlobalSection(ExtensibilityGlobals) = postSolution
		SolutionGuid = {E9C4529F-4E20-48EE-889A-FBA03EB6CBB6}
	EndGlobalSection
EndGlobal
